
Microsoft Visual Studio Solution File, Format Version 10.00
# Visual Studio 2008
Project("{E24C65DC-7377-472B-9ABA-BC803B73C61A}") = "ETraining", "ETraining\", "{FD04B979-EAD8-418E-ADB9-B0A97719BB75}"
	ProjectSection(WebsiteProperties) = preProject
		TargetFramework = "2.0"
		Debug.AspNetCompiler.VirtualPath = "/ETraining"
		Debug.AspNetCompiler.PhysicalPath = "ETraining\"
		Debug.AspNetCompiler.TargetPath = "PrecompiledWeb\ETraining\"
		Debug.AspNetCompiler.Updateable = "true"
		Debug.AspNetCompiler.ForceOverwrite = "true"
		Debug.AspNetCompiler.FixedNames = "false"
		Debug.AspNetCompiler.Debug = "True"
		Release.AspNetCompiler.VirtualPath = "/ETraining"
		Release.AspNetCompiler.PhysicalPath = "ETraining\"
		Release.AspNetCompiler.TargetPath = "PrecompiledWeb\ETraining\"
		Release.AspNetCompiler.Updateable = "true"
		Release.AspNetCompiler.ForceOverwrite = "true"
		Release.AspNetCompiler.FixedNames = "false"
		Release.AspNetCompiler.Debug = "False"
		VWDPort = "1180"
	EndProjectSection
EndProject
Global
	GlobalSection(SolutionConfigurationPlatforms) = preSolution
		Debug|Any CPU = Debug|Any CPU
	EndGlobalSection
	GlobalSection(ProjectConfigurationPlatforms) = postSolution
		{FD04B979-EAD8-418E-ADB9-B0A97719BB75}.Debug|Any CPU.ActiveCfg = Debug|Any CPU
		{FD04B979-EAD8-418E-ADB9-B0A97719BB75}.Debug|Any CPU.Build.0 = Debug|Any CPU
	EndGlobalSection
	GlobalSection(SolutionProperties) = preSolution
		HideSolutionNode = FALSE
	EndGlobalSection
EndGlobal
